// !$*UTF8*$!
{
	archiveVersion = 1;
	classes = {
	};
	objectVersion = 46;
	objects = {

/* Begin PBXBuildFile section */
		6949715117E3BE3700FF00EB /* QuartzCore.framework in Frameworks */ = {isa = PBXBuildFile; fileRef = 6949715017E3BE3700FF00EB /* QuartzCore.framework */; };
		694F109517F5CE2300FE3042 /* code.png in Resources */ = {isa = PBXBuildFile; fileRef = 694F109317F5CE2300FE3042 /* code.png */; };
		694F109617F5CE2300FE3042 /* code@2x.png in Resources */ = {isa = PBXBuildFile; fileRef = 694F109417F5CE2300FE3042 /* code@2x.png */; };
		695F39D017F89F81001F4ECA /* icon58.png in Resources */ = {isa = PBXBuildFile; fileRef = 695F39C717F89F81001F4ECA /* icon58.png */; };
		695F39D117F89F81001F4ECA /* icon1024.png in Resources */ = {isa = PBXBuildFile; fileRef = 695F39C817F89F81001F4ECA /* icon1024.png */; };
		695F39D217F89F81001F4ECA /* icon29.png in Resources */ = {isa = PBXBuildFile; fileRef = 695F39C917F89F81001F4ECA /* icon29.png */; };
		695F39D517F89F81001F4ECA /* image120.png in Resources */ = {isa = PBXBuildFile; fileRef = 695F39CC17F89F81001F4ECA /* image120.png */; };
		695F39D617F89F81001F4ECA /* icon163.png in Resources */ = {isa = PBXBuildFile; fileRef = 695F39CD17F89F81001F4ECA /* icon163.png */; };
		695F39DB17F89FBC001F4ECA /* Icon.png in Resources */ = {isa = PBXBuildFile; fileRef = 695F39D917F89FBC001F4ECA /* Icon.png */; };
		695F39DC17F89FBC001F4ECA /* Icon@2x.png in Resources */ = {isa = PBXBuildFile; fileRef = 695F39DA17F89FBC001F4ECA /* Icon@2x.png */; };
		695F39DE17F8A052001F4ECA /* icon80.png in Resources */ = {isa = PBXBuildFile; fileRef = 695F39DD17F8A052001F4ECA /* icon80.png */; };
		699C000017E2C2520040FA70 /* snowy-day-background.png in Resources */ = {isa = PBXBuildFile; fileRef = 699CFFE117E2C2520040FA70 /* snowy-day-background.png */; };
		699C000117E2C2520040FA70 /* snowy-night-background.png in Resources */ = {isa = PBXBuildFile; fileRef = 699CFFE217E2C2520040FA70 /* snowy-night-background.png */; };
		699C000217E2C2520040FA70 /* stormy-day-background.png in Resources */ = {isa = PBXBuildFile; fileRef = 699CFFE317E2C2520040FA70 /* stormy-day-background.png */; };
		699C000317E2C2520040FA70 /* stormy-night-background.png in Resources */ = {isa = PBXBuildFile; fileRef = 699CFFE417E2C2520040FA70 /* stormy-night-background.png */; };
		699CFFE517E2C2520040FA70 /* tile-chance-of-rain.png in Resources */ = {isa = PBXBuildFile; fileRef = 699CFFC517E2C2520040FA70 /* tile-chance-of-rain.png */; };
		699CFFE617E2C2520040FA70 /* tile-chance-of-snow.png in Resources */ = {isa = PBXBuildFile; fileRef = 699CFFC617E2C2520040FA70 /* tile-chance-of-snow.png */; };
		699CFFE717E2C2520040FA70 /* tile-chance-of-storm.png in Resources */ = {isa = PBXBuildFile; fileRef = 699CFFC717E2C2520040FA70 /* tile-chance-of-storm.png */; };
		699CFFE817E2C2520040FA70 /* tile-chance-of-thunder-storm.png in Resources */ = {isa = PBXBuildFile; fileRef = 699CFFC817E2C2520040FA70 /* tile-chance-of-thunder-storm.png */; };
		699CFFE917E2C2520040FA70 /* tile-cloudy.png in Resources */ = {isa = PBXBuildFile; fileRef = 699CFFC917E2C2520040FA70 /* tile-cloudy.png */; };
		699CFFEA17E2C2520040FA70 /* tile-dust.png in Resources */ = {isa = PBXBuildFile; fileRef = 699CFFCA17E2C2520040FA70 /* tile-dust.png */; };
		699CFFEB17E2C2520040FA70 /* tile-flurries.png in Resources */ = {isa = PBXBuildFile; fileRef = 699CFFCB17E2C2520040FA70 /* tile-flurries.png */; };
		699CFFEC17E2C2520040FA70 /* tile-fog.png in Resources */ = {isa = PBXBuildFile; fileRef = 699CFFCC17E2C2520040FA70 /* tile-fog.png */; };
		699CFFED17E2C2520040FA70 /* tile-haze.png in Resources */ = {isa = PBXBuildFile; fileRef = 699CFFCD17E2C2520040FA70 /* tile-haze.png */; };
		699CFFEE17E2C2520040FA70 /* tile-icy.png in Resources */ = {isa = PBXBuildFile; fileRef = 699CFFCE17E2C2520040FA70 /* tile-icy.png */; };
		699CFFEF17E2C2520040FA70 /* tile-mist.png in Resources */ = {isa = PBXBuildFile; fileRef = 699CFFCF17E2C2520040FA70 /* tile-mist.png */; };
		699CFFF017E2C2520040FA70 /* tile-mostly-cloudy.png in Resources */ = {isa = PBXBuildFile; fileRef = 699CFFD017E2C2520040FA70 /* tile-mostly-cloudy.png */; };
		699CFFF117E2C2520040FA70 /* tile-mostly-sunny.png in Resources */ = {isa = PBXBuildFile; fileRef = 699CFFD117E2C2520040FA70 /* tile-mostly-sunny.png */; };
		699CFFF217E2C2520040FA70 /* tile-partly-cloudy.png in Resources */ = {isa = PBXBuildFile; fileRef = 699CFFD217E2C2520040FA70 /* tile-partly-cloudy.png */; };
		699CFFF317E2C2520040FA70 /* tile-rain.png in Resources */ = {isa = PBXBuildFile; fileRef = 699CFFD317E2C2520040FA70 /* tile-rain.png */; };
		699CFFF417E2C2520040FA70 /* tile-sleet.png in Resources */ = {isa = PBXBuildFile; fileRef = 699CFFD417E2C2520040FA70 /* tile-sleet.png */; };
		699CFFF517E2C2520040FA70 /* tile-smoke.png in Resources */ = {isa = PBXBuildFile; fileRef = 699CFFD517E2C2520040FA70 /* tile-smoke.png */; };
		699CFFF617E2C2520040FA70 /* tile-snow.png in Resources */ = {isa = PBXBuildFile; fileRef = 699CFFD617E2C2520040FA70 /* tile-snow.png */; };
		699CFFF717E2C2520040FA70 /* tile-storm.png in Resources */ = {isa = PBXBuildFile; fileRef = 699CFFD717E2C2520040FA70 /* tile-storm.png */; };
		699CFFF817E2C2520040FA70 /* tile-sunny.png in Resources */ = {isa = PBXBuildFile; fileRef = 699CFFD817E2C2520040FA70 /* tile-sunny.png */; };
		699CFFF917E2C2520040FA70 /* tile-thunder-storm.png in Resources */ = {isa = PBXBuildFile; fileRef = 699CFFD917E2C2520040FA70 /* tile-thunder-storm.png */; };
		699CFFFA17E2C2520040FA70 /* clear-day-background.png in Resources */ = {isa = PBXBuildFile; fileRef = 699CFFDB17E2C2520040FA70 /* clear-day-background.png */; };
		699CFFFB17E2C2520040FA70 /* clear-night-background.png in Resources */ = {isa = PBXBuildFile; fileRef = 699CFFDC17E2C2520040FA70 /* clear-night-background.png */; };
		699CFFFC17E2C2520040FA70 /* cloudy-day-background.png in Resources */ = {isa = PBXBuildFile; fileRef = 699CFFDD17E2C2520040FA70 /* cloudy-day-background.png */; };
		699CFFFD17E2C2520040FA70 /* cloudy-night-background.png in Resources */ = {isa = PBXBuildFile; fileRef = 699CFFDE17E2C2520040FA70 /* cloudy-night-background.png */; };
		699CFFFE17E2C2520040FA70 /* rainy-day-background.png in Resources */ = {isa = PBXBuildFile; fileRef = 699CFFDF17E2C2520040FA70 /* rainy-day-background.png */; };
		699CFFFF17E2C2520040FA70 /* rainy-night-background.png in Resources */ = {isa = PBXBuildFile; fileRef = 699CFFE017E2C2520040FA70 /* rainy-night-background.png */; };
		69C4B30817F33E09003E6E21 /* settings.png in Resources */ = {isa = PBXBuildFile; fileRef = 69C4B30717F33E09003E6E21 /* settings.png */; };
		A41955AC17D4F9C60056F3B3 /* UIKit.framework in Frameworks */ = {isa = PBXBuildFile; fileRef = A41955AB17D4F9C60056F3B3 /* UIKit.framework */; };
		A41955AE17D4F9C60056F3B3 /* Foundation.framework in Frameworks */ = {isa = PBXBuildFile; fileRef = A41955AD17D4F9C60056F3B3 /* Foundation.framework */; };
		A41955B017D4F9C60056F3B3 /* CoreGraphics.framework in Frameworks */ = {isa = PBXBuildFile; fileRef = A41955AF17D4F9C60056F3B3 /* CoreGraphics.framework */; };
		A41955B617D4F9C60056F3B3 /* InfoPlist.strings in Resources */ = {isa = PBXBuildFile; fileRef = A41955B417D4F9C60056F3B3 /* InfoPlist.strings */; };
		A41955B817D4F9C60056F3B3 /* main.m in Sources */ = {isa = PBXBuildFile; fileRef = A41955B717D4F9C60056F3B3 /* main.m */; };
		A41955BC17D4F9C60056F3B3 /* PWAppDelegate.m in Sources */ = {isa = PBXBuildFile; fileRef = A41955BB17D4F9C60056F3B3 /* PWAppDelegate.m */; };
		A41955BE17D4F9C60056F3B3 /* Default.png in Resources */ = {isa = PBXBuildFile; fileRef = A41955BD17D4F9C60056F3B3 /* Default.png */; };
		A41955C017D4F9C60056F3B3 /* Default@2x.png in Resources */ = {isa = PBXBuildFile; fileRef = A41955BF17D4F9C60056F3B3 /* Default@2x.png */; };
		A41955C217D4F9C60056F3B3 /* Default-568h@2x.png in Resources */ = {isa = PBXBuildFile; fileRef = A41955C117D4F9C60056F3B3 /* Default-568h@2x.png */; };
		A41955C517D4F9C60056F3B3 /* MainStoryboard.storyboard in Resources */ = {isa = PBXBuildFile; fileRef = A41955C317D4F9C60056F3B3 /* MainStoryboard.storyboard */; };
		A42B881D17F53D47004A5979 /* appsamuck.png in Resources */ = {isa = PBXBuildFile; fileRef = A42B881B17F53D47004A5979 /* appsamuck.png */; };
		A42B881E17F53D47004A5979 /* appsamuck@2x.png in Resources */ = {isa = PBXBuildFile; fileRef = A42B881C17F53D47004A5979 /* appsamuck@2x.png */; };
		A47D873517D5031100E5886C /* forecast.png in Resources */ = {isa = PBXBuildFile; fileRef = A47D873117D5031100E5886C /* forecast.png */; };
		A47D873617D5031100E5886C /* forecast@2x.png in Resources */ = {isa = PBXBuildFile; fileRef = A47D873217D5031100E5886C /* forecast@2x.png */; };
		A47D873717D5031100E5886C /* today.png in Resources */ = {isa = PBXBuildFile; fileRef = A47D873317D5031100E5886C /* today.png */; };
		A47D873817D5031100E5886C /* today@2x.png in Resources */ = {isa = PBXBuildFile; fileRef = A47D873417D5031100E5886C /* today@2x.png */; };
		E9AE247AF600374AE2783239 /* UIView+PWExtensions.m in Sources */ = {isa = PBXBuildFile; fileRef = E9AE203F5B01C3520C61FAAB /* UIView+PWExtensions.m */; };
		E9AE25A0AE0F2B7A95FF85DB /* PWSettingsModel.m in Sources */ = {isa = PBXBuildFile; fileRef = E9AE23CBFF03838F694E719F /* PWSettingsModel.m */; };
		E9AE264ACCC272FA157A93C4 /* PWCodeViewController.m in Sources */ = {isa = PBXBuildFile; fileRef = E9AE2F2A497D1C67CADF0DDF /* PWCodeViewController.m */; };
		E9AE2962FD78B00349AB3AFF /* PWTodayViewController.m in Sources */ = {isa = PBXBuildFile; fileRef = E9AE2AA31D19566F0D0404E3 /* PWTodayViewController.m */; };
		E9AE2AD2F0B1ACB4C700B3A9 /* NSDate+PWExtensions.m in Sources */ = {isa = PBXBuildFile; fileRef = E9AE245B7910A3FE81A46ED9 /* NSDate+PWExtensions.m */; };
		E9AE2ADBE07F78876B8F143F /* PWSettingsViewController.m in Sources */ = {isa = PBXBuildFile; fileRef = E9AE2AF8A718DD4763E93D7A /* PWSettingsViewController.m */; };
		E9AE2AE3B7A487A8C4180C4F /* PWForecastViewController.m in Sources */ = {isa = PBXBuildFile; fileRef = E9AE2EAF0A2C7FAB7270B173 /* PWForecastViewController.m */; };
		E9AE2BE0A84F77A9D37EB9FC /* PWWeatherModel.m in Sources */ = {isa = PBXBuildFile; fileRef = E9AE2EF6C5BE6706C7864518 /* PWWeatherModel.m */; };
		E9AE2CAECEBBEE65205359CC /* PWHelper.m in Sources */ = {isa = PBXBuildFile; fileRef = E9AE25527E283D513516FB01 /* PWHelper.m */; };
/* End PBXBuildFile section */

/* Begin PBXFileReference section */
		6949715017E3BE3700FF00EB /* QuartzCore.framework */ = {isa = PBXFileReference; lastKnownFileType = wrapper.framework; name = QuartzCore.framework; path = System/Library/Frameworks/QuartzCore.framework; sourceTree = SDKROOT; };
		694F109317F5CE2300FE3042 /* code.png */ = {isa = PBXFileReference; lastKnownFileType = image.png; path = code.png; sourceTree = "<group>"; };
		694F109417F5CE2300FE3042 /* code@2x.png */ = {isa = PBXFileReference; lastKnownFileType = image.png; path = "code@2x.png"; sourceTree = "<group>"; };
		695F39C717F89F81001F4ECA /* icon58.png */ = {isa = PBXFileReference; lastKnownFileType = image.png; path = icon58.png; sourceTree = "<group>"; };
		695F39C817F89F81001F4ECA /* icon1024.png */ = {isa = PBXFileReference; lastKnownFileType = image.png; path = icon1024.png; sourceTree = "<group>"; };
		695F39C917F89F81001F4ECA /* icon29.png */ = {isa = PBXFileReference; lastKnownFileType = image.png; path = icon29.png; sourceTree = "<group>"; };
		695F39CC17F89F81001F4ECA /* image120.png */ = {isa = PBXFileReference; lastKnownFileType = image.png; path = image120.png; sourceTree = "<group>"; };
		695F39CD17F89F81001F4ECA /* icon163.png */ = {isa = PBXFileReference; lastKnownFileType = image.png; path = icon163.png; sourceTree = "<group>"; };
		695F39D917F89FBC001F4ECA /* Icon.png */ = {isa = PBXFileReference; lastKnownFileType = image.png; path = Icon.png; sourceTree = "<group>"; };
		695F39DA17F89FBC001F4ECA /* Icon@2x.png */ = {isa = PBXFileReference; lastKnownFileType = image.png; path = "Icon@2x.png"; sourceTree = "<group>"; };
		695F39DD17F8A052001F4ECA /* icon80.png */ = {isa = PBXFileReference; lastKnownFileType = image.png; path = icon80.png; sourceTree = "<group>"; };
		699CFFC517E2C2520040FA70 /* tile-chance-of-rain.png */ = {isa = PBXFileReference; lastKnownFileType = image.png; name = "tile-chance-of-rain.png"; path = "icons/tile-chance-of-rain.png"; sourceTree = "<group>"; };
		699CFFC617E2C2520040FA70 /* tile-chance-of-snow.png */ = {isa = PBXFileReference; lastKnownFileType = image.png; name = "tile-chance-of-snow.png"; path = "icons/tile-chance-of-snow.png"; sourceTree = "<group>"; };
		699CFFC717E2C2520040FA70 /* tile-chance-of-storm.png */ = {isa = PBXFileReference; lastKnownFileType = image.png; name = "tile-chance-of-storm.png"; path = "icons/tile-chance-of-storm.png"; sourceTree = "<group>"; };
		699CFFC817E2C2520040FA70 /* tile-chance-of-thunder-storm.png */ = {isa = PBXFileReference; lastKnownFileType = image.png; name = "tile-chance-of-thunder-storm.png"; path = "icons/tile-chance-of-thunder-storm.png"; sourceTree = "<group>"; };
		699CFFC917E2C2520040FA70 /* tile-cloudy.png */ = {isa = PBXFileReference; lastKnownFileType = image.png; name = "tile-cloudy.png"; path = "icons/tile-cloudy.png"; sourceTree = "<group>"; };
		699CFFCA17E2C2520040FA70 /* tile-dust.png */ = {isa = PBXFileReference; lastKnownFileType = image.png; name = "tile-dust.png"; path = "icons/tile-dust.png"; sourceTree = "<group>"; };
		699CFFCB17E2C2520040FA70 /* tile-flurries.png */ = {isa = PBXFileReference; lastKnownFileType = image.png; name = "tile-flurries.png"; path = "icons/tile-flurries.png"; sourceTree = "<group>"; };
		699CFFCC17E2C2520040FA70 /* tile-fog.png */ = {isa = PBXFileReference; lastKnownFileType = image.png; name = "tile-fog.png"; path = "icons/tile-fog.png"; sourceTree = "<group>"; };
		699CFFCD17E2C2520040FA70 /* tile-haze.png */ = {isa = PBXFileReference; lastKnownFileType = image.png; name = "tile-haze.png"; path = "icons/tile-haze.png"; sourceTree = "<group>"; };
		699CFFCE17E2C2520040FA70 /* tile-icy.png */ = {isa = PBXFileReference; lastKnownFileType = image.png; name = "tile-icy.png"; path = "icons/tile-icy.png"; sourceTree = "<group>"; };
		699CFFCF17E2C2520040FA70 /* tile-mist.png */ = {isa = PBXFileReference; lastKnownFileType = image.png; name = "tile-mist.png"; path = "icons/tile-mist.png"; sourceTree = "<group>"; };
		699CFFD017E2C2520040FA70 /* tile-mostly-cloudy.png */ = {isa = PBXFileReference; lastKnownFileType = image.png; name = "tile-mostly-cloudy.png"; path = "icons/tile-mostly-cloudy.png"; sourceTree = "<group>"; };
		699CFFD117E2C2520040FA70 /* tile-mostly-sunny.png */ = {isa = PBXFileReference; lastKnownFileType = image.png; name = "tile-mostly-sunny.png"; path = "icons/tile-mostly-sunny.png"; sourceTree = "<group>"; };
		699CFFD217E2C2520040FA70 /* tile-partly-cloudy.png */ = {isa = PBXFileReference; lastKnownFileType = image.png; name = "tile-partly-cloudy.png"; path = "icons/tile-partly-cloudy.png"; sourceTree = "<group>"; };
		699CFFD317E2C2520040FA70 /* tile-rain.png */ = {isa = PBXFileReference; lastKnownFileType = image.png; name = "tile-rain.png"; path = "icons/tile-rain.png"; sourceTree = "<group>"; };
		699CFFD417E2C2520040FA70 /* tile-sleet.png */ = {isa = PBXFileReference; lastKnownFileType = image.png; name = "tile-sleet.png"; path = "icons/tile-sleet.png"; sourceTree = "<group>"; };
		699CFFD517E2C2520040FA70 /* tile-smoke.png */ = {isa = PBXFileReference; lastKnownFileType = image.png; name = "tile-smoke.png"; path = "icons/tile-smoke.png"; sourceTree = "<group>"; };
		699CFFD617E2C2520040FA70 /* tile-snow.png */ = {isa = PBXFileReference; lastKnownFileType = image.png; name = "tile-snow.png"; path = "icons/tile-snow.png"; sourceTree = "<group>"; };
		699CFFD717E2C2520040FA70 /* tile-storm.png */ = {isa = PBXFileReference; lastKnownFileType = image.png; name = "tile-storm.png"; path = "icons/tile-storm.png"; sourceTree = "<group>"; };
		699CFFD817E2C2520040FA70 /* tile-sunny.png */ = {isa = PBXFileReference; lastKnownFileType = image.png; name = "tile-sunny.png"; path = "icons/tile-sunny.png"; sourceTree = "<group>"; };
		699CFFD917E2C2520040FA70 /* tile-thunder-storm.png */ = {isa = PBXFileReference; lastKnownFileType = image.png; name = "tile-thunder-storm.png"; path = "icons/tile-thunder-storm.png"; sourceTree = "<group>"; };
		699CFFDB17E2C2520040FA70 /* clear-day-background.png */ = {isa = PBXFileReference; lastKnownFileType = image.png; path = "clear-day-background.png"; sourceTree = "<group>"; };
		699CFFDC17E2C2520040FA70 /* clear-night-background.png */ = {isa = PBXFileReference; lastKnownFileType = image.png; path = "clear-night-background.png"; sourceTree = "<group>"; };
		699CFFDD17E2C2520040FA70 /* cloudy-day-background.png */ = {isa = PBXFileReference; lastKnownFileType = image.png; path = "cloudy-day-background.png"; sourceTree = "<group>"; };
		699CFFDE17E2C2520040FA70 /* cloudy-night-background.png */ = {isa = PBXFileReference; lastKnownFileType = image.png; path = "cloudy-night-background.png"; sourceTree = "<group>"; };
		699CFFDF17E2C2520040FA70 /* rainy-day-background.png */ = {isa = PBXFileReference; lastKnownFileType = image.png; path = "rainy-day-background.png"; sourceTree = "<group>"; };
		699CFFE017E2C2520040FA70 /* rainy-night-background.png */ = {isa = PBXFileReference; lastKnownFileType = image.png; path = "rainy-night-background.png"; sourceTree = "<group>"; };
		699CFFE117E2C2520040FA70 /* snowy-day-background.png */ = {isa = PBXFileReference; lastKnownFileType = image.png; path = "snowy-day-background.png"; sourceTree = "<group>"; };
		699CFFE217E2C2520040FA70 /* snowy-night-background.png */ = {isa = PBXFileReference; lastKnownFileType = image.png; path = "snowy-night-background.png"; sourceTree = "<group>"; };
		699CFFE317E2C2520040FA70 /* stormy-day-background.png */ = {isa = PBXFileReference; lastKnownFileType = image.png; path = "stormy-day-background.png"; sourceTree = "<group>"; };
		699CFFE417E2C2520040FA70 /* stormy-night-background.png */ = {isa = PBXFileReference; lastKnownFileType = image.png; path = "stormy-night-background.png"; sourceTree = "<group>"; };
		69C4B30717F33E09003E6E21 /* settings.png */ = {isa = PBXFileReference; lastKnownFileType = image.png; path = settings.png; sourceTree = "<group>"; };
		A41955A817D4F9C60056F3B3 /* PocketWeather.app */ = {isa = PBXFileReference; explicitFileType = wrapper.application; includeInIndex = 0; path = PocketWeather.app; sourceTree = BUILT_PRODUCTS_DIR; };
		A41955AB17D4F9C60056F3B3 /* UIKit.framework */ = {isa = PBXFileReference; lastKnownFileType = wrapper.framework; name = UIKit.framework; path = System/Library/Frameworks/UIKit.framework; sourceTree = SDKROOT; };
		A41955AD17D4F9C60056F3B3 /* Foundation.framework */ = {isa = PBXFileReference; lastKnownFileType = wrapper.framework; name = Foundation.framework; path = System/Library/Frameworks/Foundation.framework; sourceTree = SDKROOT; };
		A41955AF17D4F9C60056F3B3 /* CoreGraphics.framework */ = {isa = PBXFileReference; lastKnownFileType = wrapper.framework; name = CoreGraphics.framework; path = System/Library/Frameworks/CoreGraphics.framework; sourceTree = SDKROOT; };
		A41955B317D4F9C60056F3B3 /* Pocket Weather-Info.plist */ = {isa = PBXFileReference; lastKnownFileType = text.plist.xml; path = "Pocket Weather-Info.plist"; sourceTree = "<group>"; };
		A41955B517D4F9C60056F3B3 /* en */ = {isa = PBXFileReference; lastKnownFileType = text.plist.strings; name = en; path = en.lproj/InfoPlist.strings; sourceTree = "<group>"; };
		A41955B717D4F9C60056F3B3 /* main.m */ = {isa = PBXFileReference; lastKnownFileType = sourcecode.c.objc; path = main.m; sourceTree = "<group>"; };
		A41955B917D4F9C60056F3B3 /* Pocket Weather-Prefix.pch */ = {isa = PBXFileReference; lastKnownFileType = sourcecode.c.h; path = "Pocket Weather-Prefix.pch"; sourceTree = "<group>"; };
		A41955BA17D4F9C60056F3B3 /* PWAppDelegate.h */ = {isa = PBXFileReference; lastKnownFileType = sourcecode.c.h; path = PWAppDelegate.h; sourceTree = "<group>"; };
		A41955BB17D4F9C60056F3B3 /* PWAppDelegate.m */ = {isa = PBXFileReference; lastKnownFileType = sourcecode.c.objc; path = PWAppDelegate.m; sourceTree = "<group>"; };
		A41955BD17D4F9C60056F3B3 /* Default.png */ = {isa = PBXFileReference; lastKnownFileType = image.png; path = Default.png; sourceTree = "<group>"; };
		A41955BF17D4F9C60056F3B3 /* Default@2x.png */ = {isa = PBXFileReference; lastKnownFileType = image.png; path = "Default@2x.png"; sourceTree = "<group>"; };
		A41955C117D4F9C60056F3B3 /* Default-568h@2x.png */ = {isa = PBXFileReference; lastKnownFileType = image.png; path = "Default-568h@2x.png"; sourceTree = "<group>"; };
		A41955C417D4F9C60056F3B3 /* en */ = {isa = PBXFileReference; lastKnownFileType = file.storyboard; name = en; path = en.lproj/MainStoryboard.storyboard; sourceTree = "<group>"; };
		A42B881B17F53D47004A5979 /* appsamuck.png */ = {isa = PBXFileReference; lastKnownFileType = image.png; path = appsamuck.png; sourceTree = "<group>"; };
		A42B881C17F53D47004A5979 /* appsamuck@2x.png */ = {isa = PBXFileReference; lastKnownFileType = image.png; path = "appsamuck@2x.png"; sourceTree = "<group>"; };
		A47D873117D5031100E5886C /* forecast.png */ = {isa = PBXFileReference; lastKnownFileType = image.png; path = forecast.png; sourceTree = "<group>"; };
		A47D873217D5031100E5886C /* forecast@2x.png */ = {isa = PBXFileReference; lastKnownFileType = image.png; path = "forecast@2x.png"; sourceTree = "<group>"; };
		A47D873317D5031100E5886C /* today.png */ = {isa = PBXFileReference; lastKnownFileType = image.png; path = today.png; sourceTree = "<group>"; };
		A47D873417D5031100E5886C /* today@2x.png */ = {isa = PBXFileReference; lastKnownFileType = image.png; path = "today@2x.png"; sourceTree = "<group>"; };
		E9AE203F5B01C3520C61FAAB /* UIView+PWExtensions.m */ = {isa = PBXFileReference; fileEncoding = 4; lastKnownFileType = sourcecode.c.objc; path = "UIView+PWExtensions.m"; sourceTree = "<group>"; };
		E9AE2113B46DD1BDFC737695 /* PWTodayViewController.h */ = {isa = PBXFileReference; fileEncoding = 4; lastKnownFileType = sourcecode.c.h; path = PWTodayViewController.h; sourceTree = "<group>"; };
		E9AE21882C63B6069E52D5CE /* PWForecastViewController.h */ = {isa = PBXFileReference; fileEncoding = 4; lastKnownFileType = sourcecode.c.h; path = PWForecastViewController.h; sourceTree = "<group>"; };
		E9AE21A7141FCCDAF3377267 /* PWHelper.h */ = {isa = PBXFileReference; fileEncoding = 4; lastKnownFileType = sourcecode.c.h; path = PWHelper.h; sourceTree = "<group>"; };
		E9AE21F6710626632AFC1278 /* PWWeatherModel.h */ = {isa = PBXFileReference; fileEncoding = 4; lastKnownFileType = sourcecode.c.h; path = PWWeatherModel.h; sourceTree = "<group>"; };
		E9AE2310F1CDCE218092F1AC /* PWSettingsViewController.h */ = {isa = PBXFileReference; fileEncoding = 4; lastKnownFileType = sourcecode.c.h; path = PWSettingsViewController.h; sourceTree = "<group>"; };
		E9AE23CBFF03838F694E719F /* PWSettingsModel.m */ = {isa = PBXFileReference; fileEncoding = 4; lastKnownFileType = sourcecode.c.objc; path = PWSettingsModel.m; sourceTree = "<group>"; };
		E9AE2404E10F0CFB25D928EB /* PWSettingsModel.h */ = {isa = PBXFileReference; fileEncoding = 4; lastKnownFileType = sourcecode.c.h; path = PWSettingsModel.h; sourceTree = "<group>"; };
		E9AE245B7910A3FE81A46ED9 /* NSDate+PWExtensions.m */ = {isa = PBXFileReference; fileEncoding = 4; lastKnownFileType = sourcecode.c.objc; path = "NSDate+PWExtensions.m"; sourceTree = "<group>"; };
		E9AE2536CAD5D70E5428A3CA /* NSDate+PWExtensions.h */ = {isa = PBXFileReference; fileEncoding = 4; lastKnownFileType = sourcecode.c.h; path = "NSDate+PWExtensions.h"; sourceTree = "<group>"; };
		E9AE25527E283D513516FB01 /* PWHelper.m */ = {isa = PBXFileReference; fileEncoding = 4; lastKnownFileType = sourcecode.c.objc; path = PWHelper.m; sourceTree = "<group>"; };
		E9AE2AA31D19566F0D0404E3 /* PWTodayViewController.m */ = {isa = PBXFileReference; fileEncoding = 4; lastKnownFileType = sourcecode.c.objc; path = PWTodayViewController.m; sourceTree = "<group>"; };
		E9AE2AF8A718DD4763E93D7A /* PWSettingsViewController.m */ = {isa = PBXFileReference; fileEncoding = 4; lastKnownFileType = sourcecode.c.objc; path = PWSettingsViewController.m; sourceTree = "<group>"; };
		E9AE2B111AE7FDBF4575B32D /* UIView+PWExtensions.h */ = {isa = PBXFileReference; fileEncoding = 4; lastKnownFileType = sourcecode.c.h; path = "UIView+PWExtensions.h"; sourceTree = "<group>"; };
		E9AE2D136DAE2DD272CC0C56 /* PWCodeViewController.h */ = {isa = PBXFileReference; fileEncoding = 4; lastKnownFileType = sourcecode.c.h; path = PWCodeViewController.h; sourceTree = "<group>"; };
		E9AE2EAF0A2C7FAB7270B173 /* PWForecastViewController.m */ = {isa = PBXFileReference; fileEncoding = 4; lastKnownFileType = sourcecode.c.objc; path = PWForecastViewController.m; sourceTree = "<group>"; };
		E9AE2EF6C5BE6706C7864518 /* PWWeatherModel.m */ = {isa = PBXFileReference; fileEncoding = 4; lastKnownFileType = sourcecode.c.objc; path = PWWeatherModel.m; sourceTree = "<group>"; };
		E9AE2F2A497D1C67CADF0DDF /* PWCodeViewController.m */ = {isa = PBXFileReference; fileEncoding = 4; lastKnownFileType = sourcecode.c.objc; path = PWCodeViewController.m; sourceTree = "<group>"; };
/* End PBXFileReference section */

/* Begin PBXFrameworksBuildPhase section */
		A41955A517D4F9C60056F3B3 /* Frameworks */ = {
			isa = PBXFrameworksBuildPhase;
			buildActionMask = 2147483647;
			files = (
				6949715117E3BE3700FF00EB /* QuartzCore.framework in Frameworks */,
				A41955AC17D4F9C60056F3B3 /* UIKit.framework in Frameworks */,
				A41955AE17D4F9C60056F3B3 /* Foundation.framework in Frameworks */,
				A41955B017D4F9C60056F3B3 /* CoreGraphics.framework in Frameworks */,
			);
			runOnlyForDeploymentPostprocessing = 0;
		};
/* End PBXFrameworksBuildPhase section */

/* Begin PBXGroup section */
		695F39C517F89F19001F4ECA /* tiles */ = {
			isa = PBXGroup;
			children = (
				699CFFC517E2C2520040FA70 /* tile-chance-of-rain.png */,
				699CFFC617E2C2520040FA70 /* tile-chance-of-snow.png */,
				699CFFC717E2C2520040FA70 /* tile-chance-of-storm.png */,
				699CFFC817E2C2520040FA70 /* tile-chance-of-thunder-storm.png */,
				699CFFC917E2C2520040FA70 /* tile-cloudy.png */,
				699CFFCA17E2C2520040FA70 /* tile-dust.png */,
				699CFFCB17E2C2520040FA70 /* tile-flurries.png */,
				699CFFCC17E2C2520040FA70 /* tile-fog.png */,
				699CFFCD17E2C2520040FA70 /* tile-haze.png */,
				699CFFCE17E2C2520040FA70 /* tile-icy.png */,
				699CFFCF17E2C2520040FA70 /* tile-mist.png */,
				699CFFD017E2C2520040FA70 /* tile-mostly-cloudy.png */,
				699CFFD117E2C2520040FA70 /* tile-mostly-sunny.png */,
				699CFFD217E2C2520040FA70 /* tile-partly-cloudy.png */,
				699CFFD317E2C2520040FA70 /* tile-rain.png */,
				699CFFD417E2C2520040FA70 /* tile-sleet.png */,
				699CFFD517E2C2520040FA70 /* tile-smoke.png */,
				699CFFD617E2C2520040FA70 /* tile-snow.png */,
				699CFFD717E2C2520040FA70 /* tile-storm.png */,
				699CFFD817E2C2520040FA70 /* tile-sunny.png */,
				699CFFD917E2C2520040FA70 /* tile-thunder-storm.png */,
			);
			name = tiles;
			sourceTree = "<group>";
		};
		695F39C617F89F3D001F4ECA /* tabs */ = {
			isa = PBXGroup;
			children = (
				A47D873117D5031100E5886C /* forecast.png */,
				A47D873217D5031100E5886C /* forecast@2x.png */,
				A47D873317D5031100E5886C /* today.png */,
				A47D873417D5031100E5886C /* today@2x.png */,
				69C4B30717F33E09003E6E21 /* settings.png */,
				694F109317F5CE2300FE3042 /* code.png */,
				694F109417F5CE2300FE3042 /* code@2x.png */,
			);
			name = tabs;
			sourceTree = "<group>";
		};
		699CFFC417E2C2520040FA70 /* icons */ = {
			isa = PBXGroup;
			children = (
				695F39DD17F8A052001F4ECA /* icon80.png */,
				695F39D917F89FBC001F4ECA /* Icon.png */,
				695F39DA17F89FBC001F4ECA /* Icon@2x.png */,
				695F39C717F89F81001F4ECA /* icon58.png */,
				695F39C817F89F81001F4ECA /* icon1024.png */,
				695F39C917F89F81001F4ECA /* icon29.png */,
				695F39CC17F89F81001F4ECA /* image120.png */,
				695F39CD17F89F81001F4ECA /* icon163.png */,
			);
			path = icons;
			sourceTree = "<group>";
		};
		699CFFDA17E2C2520040FA70 /* backgrounds */ = {
			isa = PBXGroup;
			children = (
				699CFFDB17E2C2520040FA70 /* clear-day-background.png */,
				699CFFDC17E2C2520040FA70 /* clear-night-background.png */,
				699CFFDD17E2C2520040FA70 /* cloudy-day-background.png */,
				699CFFDE17E2C2520040FA70 /* cloudy-night-background.png */,
				699CFFDF17E2C2520040FA70 /* rainy-day-background.png */,
				699CFFE017E2C2520040FA70 /* rainy-night-background.png */,
				699CFFE117E2C2520040FA70 /* snowy-day-background.png */,
				699CFFE217E2C2520040FA70 /* snowy-night-background.png */,
				699CFFE317E2C2520040FA70 /* stormy-day-background.png */,
				699CFFE417E2C2520040FA70 /* stormy-night-background.png */,
			);
			path = backgrounds;
			sourceTree = "<group>";
		};
		A419559F17D4F9C60056F3B3 = {
			isa = PBXGroup;
			children = (
				A41955B117D4F9C60056F3B3 /* Pocket Weather */,
				A41955AA17D4F9C60056F3B3 /* Frameworks */,
				A41955A917D4F9C60056F3B3 /* Products */,
			);
			sourceTree = "<group>";
		};
		A41955A917D4F9C60056F3B3 /* Products */ = {
			isa = PBXGroup;
			children = (
				A41955A817D4F9C60056F3B3 /* PocketWeather.app */,
			);
			name = Products;
			sourceTree = "<group>";
		};
		A41955AA17D4F9C60056F3B3 /* Frameworks */ = {
			isa = PBXGroup;
			children = (
				A41955AF17D4F9C60056F3B3 /* CoreGraphics.framework */,
				A41955AD17D4F9C60056F3B3 /* Foundation.framework */,
				6949715017E3BE3700FF00EB /* QuartzCore.framework */,
				A41955AB17D4F9C60056F3B3 /* UIKit.framework */,
			);
			name = Frameworks;
			sourceTree = "<group>";
		};
		A41955B117D4F9C60056F3B3 /* Pocket Weather */ = {
			isa = PBXGroup;
			children = (
				A47D873017D502E400E5886C /* images */,
				A41955B217D4F9C60056F3B3 /* Supporting Files */,
				A41955C317D4F9C60056F3B3 /* MainStoryboard.storyboard */,
				A41955BA17D4F9C60056F3B3 /* PWAppDelegate.h */,
				A41955BB17D4F9C60056F3B3 /* PWAppDelegate.m */,
				E9AE2F6BB2B4D25B13559321 /* Models */,
				E9AE2E1A986416F9B09C4CB5 /* Helpers */,
				E9AE27FD167219C1F57DE162 /* Controllers */,
			);
			path = "Pocket Weather";
			sourceTree = "<group>";
		};
		A41955B217D4F9C60056F3B3 /* Supporting Files */ = {
			isa = PBXGroup;
			children = (
				A41955C117D4F9C60056F3B3 /* Default-568h@2x.png */,
				A41955BD17D4F9C60056F3B3 /* Default.png */,
				A41955BF17D4F9C60056F3B3 /* Default@2x.png */,
				A41955B417D4F9C60056F3B3 /* InfoPlist.strings */,
				A41955B717D4F9C60056F3B3 /* main.m */,
				A41955B317D4F9C60056F3B3 /* Pocket Weather-Info.plist */,
				A41955B917D4F9C60056F3B3 /* Pocket Weather-Prefix.pch */,
			);
			name = "Supporting Files";
			sourceTree = "<group>";
		};
		A47D873017D502E400E5886C /* images */ = {
			isa = PBXGroup;
			children = (
				699CFFC417E2C2520040FA70 /* icons */,
				695F39C617F89F3D001F4ECA /* tabs */,
				695F39C517F89F19001F4ECA /* tiles */,
				699CFFDA17E2C2520040FA70 /* backgrounds */,
				A42B881B17F53D47004A5979 /* appsamuck.png */,
				A42B881C17F53D47004A5979 /* appsamuck@2x.png */,
			);
			path = images;
			sourceTree = "<group>";
		};
		E9AE27FD167219C1F57DE162 /* Controllers */ = {
			isa = PBXGroup;
			children = (
				E9AE2310F1CDCE218092F1AC /* PWSettingsViewController.h */,
				E9AE2AF8A718DD4763E93D7A /* PWSettingsViewController.m */,
				E9AE21882C63B6069E52D5CE /* PWForecastViewController.h */,
				E9AE2EAF0A2C7FAB7270B173 /* PWForecastViewController.m */,
				E9AE2AA31D19566F0D0404E3 /* PWTodayViewController.m */,
				E9AE2113B46DD1BDFC737695 /* PWTodayViewController.h */,
				E9AE2D136DAE2DD272CC0C56 /* PWCodeViewController.h */,
				E9AE2F2A497D1C67CADF0DDF /* PWCodeViewController.m */,
			);
			path = Controllers;
			sourceTree = "<group>";
		};
		E9AE2E1A986416F9B09C4CB5 /* Helpers */ = {
			isa = PBXGroup;
			children = (
				E9AE2B111AE7FDBF4575B32D /* UIView+PWExtensions.h */,
				E9AE245B7910A3FE81A46ED9 /* NSDate+PWExtensions.m */,
				E9AE2536CAD5D70E5428A3CA /* NSDate+PWExtensions.h */,
				E9AE21A7141FCCDAF3377267 /* PWHelper.h */,
				E9AE25527E283D513516FB01 /* PWHelper.m */,
				E9AE203F5B01C3520C61FAAB /* UIView+PWExtensions.m */,
			);
			path = Helpers;
			sourceTree = "<group>";
		};
		E9AE2F6BB2B4D25B13559321 /* Models */ = {
			isa = PBXGroup;
			children = (
				E9AE2EF6C5BE6706C7864518 /* PWWeatherModel.m */,
				E9AE21F6710626632AFC1278 /* PWWeatherModel.h */,
				E9AE23CBFF03838F694E719F /* PWSettingsModel.m */,
				E9AE2404E10F0CFB25D928EB /* PWSettingsModel.h */,
			);
			path = Models;
			sourceTree = "<group>";
		};
/* End PBXGroup section */

/* Begin PBXNativeTarget section */
		A41955A717D4F9C60056F3B3 /* Pocket Weather */ = {
			isa = PBXNativeTarget;
			buildConfigurationList = A41955D617D4F9C60056F3B3 /* Build configuration list for PBXNativeTarget "Pocket Weather" */;
			buildPhases = (
				A41955A417D4F9C60056F3B3 /* Sources */,
				A41955A517D4F9C60056F3B3 /* Frameworks */,
				A41955A617D4F9C60056F3B3 /* Resources */,
			);
			buildRules = (
			);
			dependencies = (
			);
			name = "Pocket Weather";
			productName = "Pocket Weather";
			productReference = A41955A817D4F9C60056F3B3 /* PocketWeather.app */;
			productType = "com.apple.product-type.application";
		};
/* End PBXNativeTarget section */

/* Begin PBXProject section */
		A41955A017D4F9C60056F3B3 /* Project object */ = {
			isa = PBXProject;
			attributes = {
				CLASSPREFIX = AA;
				LastUpgradeCheck = 0460;
				ORGANIZATIONNAME = AppsAmuck;
				TargetAttributes = {
					A41955A717D4F9C60056F3B3 = {
						DevelopmentTeam = DFYJ9CJ6C2;
					};
				};
			};
			buildConfigurationList = A41955A317D4F9C60056F3B3 /* Build configuration list for PBXProject "Pocket Weather" */;
			compatibilityVersion = "Xcode 3.2";
			developmentRegion = English;
			hasScannedForEncodings = 0;
			knownRegions = (
				en,
			);
			mainGroup = A419559F17D4F9C60056F3B3;
			productRefGroup = A41955A917D4F9C60056F3B3 /* Products */;
			projectDirPath = "";
			projectRoot = "";
			targets = (
				A41955A717D4F9C60056F3B3 /* Pocket Weather */,
			);
		};
/* End PBXProject section */

/* Begin PBXResourcesBuildPhase section */
		A41955A617D4F9C60056F3B3 /* Resources */ = {
			isa = PBXResourcesBuildPhase;
			buildActionMask = 2147483647;
			files = (
				695F39DB17F89FBC001F4ECA /* Icon.png in Resources */,
				695F39DC17F89FBC001F4ECA /* Icon@2x.png in Resources */,
				A41955B617D4F9C60056F3B3 /* InfoPlist.strings in Resources */,
				A41955BE17D4F9C60056F3B3 /* Default.png in Resources */,
				A41955C017D4F9C60056F3B3 /* Default@2x.png in Resources */,
				695F39D017F89F81001F4ECA /* icon58.png in Resources */,
				A41955C217D4F9C60056F3B3 /* Default-568h@2x.png in Resources */,
				A41955C517D4F9C60056F3B3 /* MainStoryboard.storyboard in Resources */,
				A47D873517D5031100E5886C /* forecast.png in Resources */,
				A47D873617D5031100E5886C /* forecast@2x.png in Resources */,
				A47D873717D5031100E5886C /* today.png in Resources */,
				695F39DE17F8A052001F4ECA /* icon80.png in Resources */,
				695F39D617F89F81001F4ECA /* icon163.png in Resources */,
				A47D873817D5031100E5886C /* today@2x.png in Resources */,
				699CFFE517E2C2520040FA70 /* tile-chance-of-rain.png in Resources */,
				699CFFE617E2C2520040FA70 /* tile-chance-of-snow.png in Resources */,
				699CFFE717E2C2520040FA70 /* tile-chance-of-storm.png in Resources */,
				699CFFE817E2C2520040FA70 /* tile-chance-of-thunder-storm.png in Resources */,
				699CFFE917E2C2520040FA70 /* tile-cloudy.png in Resources */,
				699CFFEA17E2C2520040FA70 /* tile-dust.png in Resources */,
				699CFFEB17E2C2520040FA70 /* tile-flurries.png in Resources */,
				699CFFEC17E2C2520040FA70 /* tile-fog.png in Resources */,
				699CFFED17E2C2520040FA70 /* tile-haze.png in Resources */,
				699CFFEE17E2C2520040FA70 /* tile-icy.png in Resources */,
				699CFFEF17E2C2520040FA70 /* tile-mist.png in Resources */,
				699CFFF017E2C2520040FA70 /* tile-mostly-cloudy.png in Resources */,
				699CFFF117E2C2520040FA70 /* tile-mostly-sunny.png in Resources */,
				694F109517F5CE2300FE3042 /* code.png in Resources */,
				699CFFF217E2C2520040FA70 /* tile-partly-cloudy.png in Resources */,
				699CFFF317E2C2520040FA70 /* tile-rain.png in Resources */,
				699CFFF417E2C2520040FA70 /* tile-sleet.png in Resources */,
				699CFFF517E2C2520040FA70 /* tile-smoke.png in Resources */,
				699CFFF617E2C2520040FA70 /* tile-snow.png in Resources */,
				A42B881D17F53D47004A5979 /* appsamuck.png in Resources */,
				699CFFF717E2C2520040FA70 /* tile-storm.png in Resources */,
				699CFFF817E2C2520040FA70 /* tile-sunny.png in Resources */,
				694F109617F5CE2300FE3042 /* code@2x.png in Resources */,
				699CFFF917E2C2520040FA70 /* tile-thunder-storm.png in Resources */,
				A42B881E17F53D47004A5979 /* appsamuck@2x.png in Resources */,
				699CFFFA17E2C2520040FA70 /* clear-day-background.png in Resources */,
				699CFFFB17E2C2520040FA70 /* clear-night-background.png in Resources */,
				699CFFFC17E2C2520040FA70 /* cloudy-day-background.png in Resources */,
				699CFFFD17E2C2520040FA70 /* cloudy-night-background.png in Resources */,
				699CFFFE17E2C2520040FA70 /* rainy-day-background.png in Resources */,
				69C4B30817F33E09003E6E21 /* settings.png in Resources */,
				695F39D117F89F81001F4ECA /* icon1024.png in Resources */,
				699CFFFF17E2C2520040FA70 /* rainy-night-background.png in Resources */,
				695F39D517F89F81001F4ECA /* image120.png in Resources */,
				699C000017E2C2520040FA70 /* snowy-day-background.png in Resources */,
				699C000117E2C2520040FA70 /* snowy-night-background.png in Resources */,
				699C000217E2C2520040FA70 /* stormy-day-background.png in Resources */,
				699C000317E2C2520040FA70 /* stormy-night-background.png in Resources */,
				695F39D217F89F81001F4ECA /* icon29.png in Resources */,
			);
			runOnlyForDeploymentPostprocessing = 0;
		};
/* End PBXResourcesBuildPhase section */

/* Begin PBXSourcesBuildPhase section */
		A41955A417D4F9C60056F3B3 /* Sources */ = {
			isa = PBXSourcesBuildPhase;
			buildActionMask = 2147483647;
			files = (
				A41955B817D4F9C60056F3B3 /* main.m in Sources */,
				A41955BC17D4F9C60056F3B3 /* PWAppDelegate.m in Sources */,
				E9AE2BE0A84F77A9D37EB9FC /* PWWeatherModel.m in Sources */,
				E9AE25A0AE0F2B7A95FF85DB /* PWSettingsModel.m in Sources */,
				E9AE2AD2F0B1ACB4C700B3A9 /* NSDate+PWExtensions.m in Sources */,
				E9AE2CAECEBBEE65205359CC /* PWHelper.m in Sources */,
				E9AE247AF600374AE2783239 /* UIView+PWExtensions.m in Sources */,
				E9AE2ADBE07F78876B8F143F /* PWSettingsViewController.m in Sources */,
				E9AE2AE3B7A487A8C4180C4F /* PWForecastViewController.m in Sources */,
				E9AE2962FD78B00349AB3AFF /* PWTodayViewController.m in Sources */,
				E9AE264ACCC272FA157A93C4 /* PWCodeViewController.m in Sources */,
			);
			runOnlyForDeploymentPostprocessing = 0;
		};
/* End PBXSourcesBuildPhase section */

/* Begin PBXVariantGroup section */
		A41955B417D4F9C60056F3B3 /* InfoPlist.strings */ = {
			isa = PBXVariantGroup;
			children = (
				A41955B517D4F9C60056F3B3 /* en */,
			);
			name = InfoPlist.strings;
			sourceTree = "<group>";
		};
		A41955C317D4F9C60056F3B3 /* MainStoryboard.storyboard */ = {
			isa = PBXVariantGroup;
			children = (
				A41955C417D4F9C60056F3B3 /* en */,
			);
			name = MainStoryboard.storyboard;
			sourceTree = "<group>";
		};
/* End PBXVariantGroup section */

/* Begin XCBuildConfiguration section */
		A41955D417D4F9C60056F3B3 /* Debug */ = {
			isa = XCBuildConfiguration;
			buildSettings = {
				ALWAYS_SEARCH_USER_PATHS = NO;
				CLANG_CXX_LANGUAGE_STANDARD = "gnu++0x";
				CLANG_CXX_LIBRARY = "libc++";
				CLANG_ENABLE_OBJC_ARC = YES;
				CLANG_WARN_CONSTANT_CONVERSION = YES;
				CLANG_WARN_EMPTY_BODY = YES;
				CLANG_WARN_ENUM_CONVERSION = YES;
				CLANG_WARN_INT_CONVERSION = YES;
				CLANG_WARN__DUPLICATE_METHOD_MATCH = YES;
				"CODE_SIGN_IDENTITY[sdk=iphoneos*]" = "iPhone Developer";
				COPY_PHASE_STRIP = NO;
				GCC_C_LANGUAGE_STANDARD = gnu99;
				GCC_DYNAMIC_NO_PIC = NO;
				GCC_OPTIMIZATION_LEVEL = 0;
				GCC_PREPROCESSOR_DEFINITIONS = (
					"DEBUG=1",
					"$(inherited)",
				);
				GCC_SYMBOLS_PRIVATE_EXTERN = NO;
				GCC_WARN_ABOUT_RETURN_TYPE = YES;
				GCC_WARN_UNINITIALIZED_AUTOS = YES;
				GCC_WARN_UNUSED_VARIABLE = YES;
				IPHONEOS_DEPLOYMENT_TARGET = 6.1;
				ONLY_ACTIVE_ARCH = YES;
				SDKROOT = iphoneos;
			};
			name = Debug;
		};
		A41955D517D4F9C60056F3B3 /* Release */ = {
			isa = XCBuildConfiguration;
			buildSettings = {
				ALWAYS_SEARCH_USER_PATHS = NO;
				CLANG_CXX_LANGUAGE_STANDARD = "gnu++0x";
				CLANG_CXX_LIBRARY = "libc++";
				CLANG_ENABLE_OBJC_ARC = YES;
				CLANG_WARN_CONSTANT_CONVERSION = YES;
				CLANG_WARN_EMPTY_BODY = YES;
				CLANG_WARN_ENUM_CONVERSION = YES;
				CLANG_WARN_INT_CONVERSION = YES;
				CLANG_WARN__DUPLICATE_METHOD_MATCH = YES;
				"CODE_SIGN_IDENTITY[sdk=iphoneos*]" = "iPhone Developer";
				COPY_PHASE_STRIP = YES;
				GCC_C_LANGUAGE_STANDARD = gnu99;
				GCC_WARN_ABOUT_RETURN_TYPE = YES;
				GCC_WARN_UNINITIALIZED_AUTOS = YES;
				GCC_WARN_UNUSED_VARIABLE = YES;
				IPHONEOS_DEPLOYMENT_TARGET = 6.1;
				OTHER_CFLAGS = "-DNS_BLOCK_ASSERTIONS=1";
				SDKROOT = iphoneos;
				VALIDATE_PRODUCT = YES;
			};
			name = Release;
		};
		A41955D717D4F9C60056F3B3 /* Debug */ = {
			isa = XCBuildConfiguration;
			buildSettings = {
				CODE_SIGN_IDENTITY = "iPhone Developer";
				"CODE_SIGN_IDENTITY[sdk=iphoneos*]" = "iPhone Developer";
				GCC_PRECOMPILE_PREFIX_HEADER = YES;
				GCC_PREFIX_HEADER = "Pocket Weather/Pocket Weather-Prefix.pch";
				INFOPLIST_FILE = "Pocket Weather/Pocket Weather-Info.plist";
				PRODUCT_NAME = PocketWeather;
				PROVISIONING_PROFILE = "";
				WRAPPER_EXTENSION = app;
			};
			name = Debug;
		};
		A41955D817D4F9C60056F3B3 /* Release */ = {
			isa = XCBuildConfiguration;
			buildSettings = {
				CODE_SIGN_IDENTITY = "iPhone Developer";
				"CODE_SIGN_IDENTITY[sdk=iphoneos*]" = "iPhone Developer";
				GCC_PRECOMPILE_PREFIX_HEADER = YES;
				GCC_PREFIX_HEADER = "Pocket Weather/Pocket Weather-Prefix.pch";
				INFOPLIST_FILE = "Pocket Weather/Pocket Weather-Info.plist";
				PRODUCT_NAME = PocketWeather;
				PROVISIONING_PROFILE = "";
				WRAPPER_EXTENSION = app;
			};
			name = Release;
		};
/* End XCBuildConfiguration section */

/* Begin XCConfigurationList section */
		A41955A317D4F9C60056F3B3 /* Build configuration list for PBXProject "Pocket Weather" */ = {
			isa = XCConfigurationList;
			buildConfigurations = (
				A41955D417D4F9C60056F3B3 /* Debug */,
				A41955D517D4F9C60056F3B3 /* Release */,
			);
			defaultConfigurationIsVisible = 0;
			defaultConfigurationName = Release;
		};
		A41955D617D4F9C60056F3B3 /* Build configuration list for PBXNativeTarget "Pocket Weather" */ = {
			isa = XCConfigurationList;
			buildConfigurations = (
				A41955D717D4F9C60056F3B3 /* Debug */,
				A41955D817D4F9C60056F3B3 /* Release */,
			);
			defaultConfigurationIsVisible = 0;
			defaultConfigurationName = Release;
		};
/* End XCConfigurationList section */
	};
	rootObject = A41955A017D4F9C60056F3B3 /* Project object */;
}
